
Microsoft Visual Studio Solution File, Format Version 12.00
# Visual Studio Version 17
VisualStudioVersion = 17.0.32126.317
MinimumVisualStudioVersion = 10.0.40219.1
Project("{FAE04EC0-301F-11D3-BF4B-00C04F79EFBC}") = "Dewordle", "Dewordle\Dewordle.csproj", "{B049F7A5-1449-49C0-96FA-74A61472562F}"
EndProject
Project("{FAE04EC0-301F-11D3-BF4B-00C04F79EFBC}") = "Test", "Test\Test.csproj", "{532B1DE9-1F65-4C1A-9827-2323F407BB53}"
EndProject
Project("{FAE04EC0-301F-11D3-BF4B-00C04F79EFBC}") = "Dewordle.Model", "Dewordle.Model\Dewordle.Model.csproj", "{F93A9E64-E9CE-4022-A3B5-8FD13A7FA3C0}"
EndProject
Project("{FAE04EC0-301F-11D3-BF4B-00C04F79EFBC}") = "Dewordle.Terminal", "Dewordle.Terminal\Dewordle.Terminal.csproj", "{C0A37895-CF66-47AD-BD35-51B65C4B6B7E}"
EndProject
Global
	GlobalSection(SolutionConfigurationPlatforms) = preSolution
		Debug|Any CPU = Debug|Any CPU
		Release|Any CPU = Release|Any CPU
	EndGlobalSection
	GlobalSection(ProjectConfigurationPlatforms) = postSolution
		{B049F7A5-1449-49C0-96FA-74A61472562F}.Debug|Any CPU.ActiveCfg = Debug|Any CPU
		{B049F7A5-1449-49C0-96FA-74A61472562F}.Debug|Any CPU.Build.0 = Debug|Any CPU
		{B049F7A5-1449-49C0-96FA-74A61472562F}.Release|Any CPU.ActiveCfg = Release|Any CPU
		{B049F7A5-1449-49C0-96FA-74A61472562F}.Release|Any CPU.Build.0 = Release|Any CPU
		{532B1DE9-1F65-4C1A-9827-2323F407BB53}.Debug|Any CPU.ActiveCfg = Debug|Any CPU
		{532B1DE9-1F65-4C1A-9827-2323F407BB53}.Debug|Any CPU.Build.0 = Debug|Any CPU
		{532B1DE9-1F65-4C1A-9827-2323F407BB53}.Release|Any CPU.ActiveCfg = Release|Any CPU
		{532B1DE9-1F65-4C1A-9827-2323F407BB53}.Release|Any CPU.Build.0 = Release|Any CPU
		{F93A9E64-E9CE-4022-A3B5-8FD13A7FA3C0}.Debug|Any CPU.ActiveCfg = Debug|Any CPU
		{F93A9E64-E9CE-4022-A3B5-8FD13A7FA3C0}.Debug|Any CPU.Build.0 = Debug|Any CPU
		{F93A9E64-E9CE-4022-A3B5-8FD13A7FA3C0}.Release|Any CPU.ActiveCfg = Release|Any CPU
		{F93A9E64-E9CE-4022-A3B5-8FD13A7FA3C0}.Release|Any CPU.Build.0 = Release|Any CPU
		{C0A37895-CF66-47AD-BD35-51B65C4B6B7E}.Debug|Any CPU.ActiveCfg = Debug|Any CPU
		{C0A37895-CF66-47AD-BD35-51B65C4B6B7E}.Debug|Any CPU.Build.0 = Debug|Any CPU
		{C0A37895-CF66-47AD-BD35-51B65C4B6B7E}.Release|Any CPU.ActiveCfg = Release|Any CPU
		{C0A37895-CF66-47AD-BD35-51B65C4B6B7E}.Release|Any CPU.Build.0 = Release|Any CPU
	EndGlobalSection
	GlobalSection(SolutionProperties) = preSolution
		HideSolutionNode = FALSE
	EndGlobalSection
	GlobalSection(ExtensibilityGlobals) = postSolution
		SolutionGuid = {7765FA74-8A5F-4799-8A75-713B22D22EA0}
	EndGlobalSection
EndGlobal
